
Microsoft Visual Studio Solution File, Format Version 12.00
# Visual Studio Version 16
VisualStudioVersion = 16.0.30804.86
MinimumVisualStudioVersion = 10.0.40219.1
Project("{9A19103F-16F7-4668-BE54-9A1E7A4F7556}") = "IzmirGaz.Shared", "IzmirGaz.Shared\IzmirGaz.Shared.csproj", "{7DFED357-F901-4E01-A996-EB562F4BBA9D}"
EndProject
Project("{9A19103F-16F7-4668-BE54-9A1E7A4F7556}") = "IzmirGaz.Entities", "IzmirGaz.Entities\IzmirGaz.Entities.csproj", "{76474523-2C0F-4B99-AC20-E0FBE0BB72EF}"
EndProject
Project("{9A19103F-16F7-4668-BE54-9A1E7A4F7556}") = "IzmirGaz.Data", "IzmirGaz.Data\IzmirGaz.Data.csproj", "{B5C41CEA-446F-4B0E-9F4E-C9DF59DFD93F}"
EndProject
Project("{9A19103F-16F7-4668-BE54-9A1E7A4F7556}") = "IzmirGas.Services", "IzmirGas.Services\IzmirGas.Services.csproj", "{16565A79-ADAC-4474-8B97-2DA4851D9BA0}"
EndProject
Project("{9A19103F-16F7-4668-BE54-9A1E7A4F7556}") = "IzmirGas.MVC", "IzmirGas.MVC\IzmirGas.MVC.csproj", "{5743C9AA-00A0-4118-AA60-2F0FE9F75B21}"
EndProject
Global
	GlobalSection(SolutionConfigurationPlatforms) = preSolution
		Debug|Any CPU = Debug|Any CPU
		Release|Any CPU = Release|Any CPU
	EndGlobalSection
	GlobalSection(ProjectConfigurationPlatforms) = postSolution
		{7DFED357-F901-4E01-A996-EB562F4BBA9D}.Debug|Any CPU.ActiveCfg = Debug|Any CPU
		{7DFED357-F901-4E01-A996-EB562F4BBA9D}.Debug|Any CPU.Build.0 = Debug|Any CPU
		{7DFED357-F901-4E01-A996-EB562F4BBA9D}.Release|Any CPU.ActiveCfg = Release|Any CPU
		{7DFED357-F901-4E01-A996-EB562F4BBA9D}.Release|Any CPU.Build.0 = Release|Any CPU
		{76474523-2C0F-4B99-AC20-E0FBE0BB72EF}.Debug|Any CPU.ActiveCfg = Debug|Any CPU
		{76474523-2C0F-4B99-AC20-E0FBE0BB72EF}.Debug|Any CPU.Build.0 = Debug|Any CPU
		{76474523-2C0F-4B99-AC20-E0FBE0BB72EF}.Release|Any CPU.ActiveCfg = Release|Any CPU
		{76474523-2C0F-4B99-AC20-E0FBE0BB72EF}.Release|Any CPU.Build.0 = Release|Any CPU
		{B5C41CEA-446F-4B0E-9F4E-C9DF59DFD93F}.Debug|Any CPU.ActiveCfg = Debug|Any CPU
		{B5C41CEA-446F-4B0E-9F4E-C9DF59DFD93F}.Debug|Any CPU.Build.0 = Debug|Any CPU
		{B5C41CEA-446F-4B0E-9F4E-C9DF59DFD93F}.Release|Any CPU.ActiveCfg = Release|Any CPU
		{B5C41CEA-446F-4B0E-9F4E-C9DF59DFD93F}.Release|Any CPU.Build.0 = Release|Any CPU
		{16565A79-ADAC-4474-8B97-2DA4851D9BA0}.Debug|Any CPU.ActiveCfg = Debug|Any CPU
		{16565A79-ADAC-4474-8B97-2DA4851D9BA0}.Debug|Any CPU.Build.0 = Debug|Any CPU
		{16565A79-ADAC-4474-8B97-2DA4851D9BA0}.Release|Any CPU.ActiveCfg = Release|Any CPU
		{16565A79-ADAC-4474-8B97-2DA4851D9BA0}.Release|Any CPU.Build.0 = Release|Any CPU
		{5743C9AA-00A0-4118-AA60-2F0FE9F75B21}.Debug|Any CPU.ActiveCfg = Debug|Any CPU
		{5743C9AA-00A0-4118-AA60-2F0FE9F75B21}.Debug|Any CPU.Build.0 = Debug|Any CPU
		{5743C9AA-00A0-4118-AA60-2F0FE9F75B21}.Release|Any CPU.ActiveCfg = Release|Any CPU
		{5743C9AA-00A0-4118-AA60-2F0FE9F75B21}.Release|Any CPU.Build.0 = Release|Any CPU
	EndGlobalSection
	GlobalSection(SolutionProperties) = preSolution
		HideSolutionNode = FALSE
	EndGlobalSection
	GlobalSection(ExtensibilityGlobals) = postSolution
		SolutionGuid = {9C4055FA-E7D4-4D32-8832-82EFC94EB9E7}
	EndGlobalSection
EndGlobal
